<?xml version="1.0" encoding="utf-8"?>
<Project ToolsVersion="4.0" xmlns="http://schemas.microsoft.com/developer/msbuild/2003">
  <ItemGroup>
    <Filter Include="Source Files">
      <UniqueIdentifier>{4FC737F1-C7A5-4376-A066-2A32D752A2FF}</UniqueIdentifier>
      <Extensions>cpp;c;cc;cxx;def;odl;idl;hpj;bat;asm;asmx</Extensions>
    </Filter>
    <Filter Include="Header Files">
      <UniqueIdentifier>{93995380-89BD-4b04-88EB-625FBE52EBFB}</UniqueIdentifier>
      <Extensions>h;hh;hpp;hxx;hm;inl;inc;xsd</Extensions>
    </Filter>
    <Filter Include="Source Files\Model">
      <UniqueIdentifier>{5f90a0e9-d9ff-48b8-aa1e-2b95c82574db}</UniqueIdentifier>
    </Filter>
    <Filter Include="Header Files\Model">
      <UniqueIdentifier>{4fe31696-81b8-44c5-9257-75f0b5f44c20}</UniqueIdentifier>
    </Filter>
    <Filter Include="Source Files\QT">
      <UniqueIdentifier>{c9a792ba-29ae-403a-84cd-b11c3995e15c}</UniqueIdentifier>
    </Filter>
    <Filter Include="Header Files\QT">
      <UniqueIdentifier>{8127b4ad-e875-46d3-8de3-ec9498b3bd7d}</UniqueIdentifier>
    </Filter>
    <Filter Include="Header Files\Controller">
      <UniqueIdentifier>{33c8adc3-f5b8-4b71-841e-1a63f02e521f}</UniqueIdentifier>
    </Filter>
    <Filter Include="Source Files\Controller">
      <UniqueIdentifier>{03a0135b-2590-44b3-816e-bfd346f98084}</UniqueIdentifier>
    </Filter>
    <Filter Include="Generated Files">
      <UniqueIdentifier>{71ED8ED8-ACB9-4CE9-BBE1-E00B30144E11}</UniqueIdentifier>
      <Extensions>moc;h;cpp</Extensions>
      <ParseFiles>true</ParseFiles>
    </Filter>
    <Filter Include="Generated Files\Debug">
      <UniqueIdentifier>{24508d7f-b9ee-4854-b19e-cf1c893bd317}</UniqueIdentifier>
      <Extensions>cpp;moc</Extensions>
      <SourceControlFiles>False</SourceControlFiles>
    </Filter>
    <Filter Include="Generated Files\Release">
      <UniqueIdentifier>{d6318472-22f8-44b2-a737-9bfa564d0e35}</UniqueIdentifier>
      <Extensions>cpp;moc</Extensions>
      <SourceControlFiles>False</SourceControlFiles>
    </Filter>
    <Filter Include="Resources">
      <UniqueIdentifier>{080764e2-2270-461c-a3bb-57450ebd2d3c}</UniqueIdentifier>
    </Filter>
  </ItemGroup>
  <ItemGroup>
    <ClCompile Include="Graph.cpp">
      <Filter>Source Files\Model</Filter>
    </ClCompile>
    <ClCompile Include="Edge.cpp">
      <Filter>Source Files\Model</Filter>
    </ClCompile>
    <ClCompile Include="Vertex.cpp">
      <Filter>Source Files\Model</Filter>
    </ClCompile>
    <ClCompile Include="Cow.cpp">
      <Filter>Source Files\Model</Filter>
    </ClCompile>
    <ClCompile Include="Hare.cpp">
      <Filter>Source Files\Model</Filter>
    </ClCompile>
    <ClCompile Include="Controller.cpp">
      <Filter>Source Files\Controller</Filter>
    </ClCompile>
    <ClCompile Include="Main.cpp" />
    <ClCompile Include="MainWindow.cpp">
      <Filter>Source Files\QT</Filter>
    </ClCompile>
    <ClCompile Include="GeneratedFiles\Debug\moc_Controller.cpp">
      <Filter>Generated Files\Debug</Filter>
    </ClCompile>
    <ClCompile Include="GeneratedFiles\Release\moc_Controller.cpp">
      <Filter>Generated Files\Release</Filter>
    </ClCompile>
    <ClCompile Include="GeneratedFiles\Debug\moc_MainWindow.cpp">
      <Filter>Generated Files\Debug</Filter>
    </ClCompile>
    <ClCompile Include="GeneratedFiles\Release\moc_MainWindow.cpp">
      <Filter>Generated Files\Release</Filter>
    </ClCompile>
  </ItemGroup>
  <ItemGroup>
    <CustomBuild Include="packages.config" />
    <CustomBuild Include="Cow.h">
      <Filter>Header Files\Model</Filter>
    </CustomBuild>
    <CustomBuild Include="Edge.h">
      <Filter>Header Files\Model</Filter>
    </CustomBuild>
    <CustomBuild Include="Graph.h">
      <Filter>Header Files\Model</Filter>
    </CustomBuild>
    <CustomBuild Include="Hare.h">
      <Filter>Header Files\Model</Filter>
    </CustomBuild>
    <CustomBuild Include="Vertex.h">
      <Filter>Header Files\Model</Filter>
    </CustomBuild>
    <CustomBuild Include="Controller.h">
      <Filter>Header Files\Controller</Filter>
    </CustomBuild>
    <CustomBuild Include="MainWindow.h">
      <Filter>Header Files\QT</Filter>
    </CustomBuild>
  </ItemGroup>
  <ItemGroup>
    <Image Include="..\Resources\cow.png">
      <Filter>Resources</Filter>
    </Image>
    <Image Include="..\Resources\chicken.png">
      <Filter>Resources</Filter>
    </Image>
  </ItemGroup>
</Project>